
Microsoft Visual Studio Solution File, Format Version 12.00
# Visual Studio 15
Project("{FAE04EC0-301F-11D3-BF4B-00C04F79EFBC}") = "PaymentGateway", "PaymentGateway\PaymentGateway.csproj", "{16E5B049-D953-4CE4-A010-3FFAB5C37F22}"
EndProject
Project("{FAE04EC0-301F-11D3-BF4B-00C04F79EFBC}") = "PaymentGateway.test", "PaymentGateway.test\PaymentGateway.test.csproj", "{9FB4E55E-0B50-4F6F-AD43-FDA9749143BA}"
EndProject
Global
	GlobalSection(SolutionConfigurationPlatforms) = preSolution
		Debug|Any CPU = Debug|Any CPU
		Release|Any CPU = Release|Any CPU
	EndGlobalSection
	GlobalSection(ProjectConfigurationPlatforms) = postSolution
		{16E5B049-D953-4CE4-A010-3FFAB5C37F22}.Debug|Any CPU.ActiveCfg = Debug|Any CPU
		{16E5B049-D953-4CE4-A010-3FFAB5C37F22}.Debug|Any CPU.Build.0 = Debug|Any CPU
		{16E5B049-D953-4CE4-A010-3FFAB5C37F22}.Release|Any CPU.ActiveCfg = Release|Any CPU
		{16E5B049-D953-4CE4-A010-3FFAB5C37F22}.Release|Any CPU.Build.0 = Release|Any CPU
		{9FB4E55E-0B50-4F6F-AD43-FDA9749143BA}.Debug|Any CPU.ActiveCfg = Debug|Any CPU
		{9FB4E55E-0B50-4F6F-AD43-FDA9749143BA}.Debug|Any CPU.Build.0 = Debug|Any CPU
		{9FB4E55E-0B50-4F6F-AD43-FDA9749143BA}.Release|Any CPU.ActiveCfg = Release|Any CPU
		{9FB4E55E-0B50-4F6F-AD43-FDA9749143BA}.Release|Any CPU.Build.0 = Release|Any CPU
	EndGlobalSection
EndGlobal
